// !$*UTF8*$!
{
	archiveVersion = 1;
	classes = {
	};
	objectVersion = 77;
	objects = {

/* Begin PBXContainerItemProxy section */
		899D48F62D7CF5EA00F867E6 /* PBXContainerItemProxy */ = {
			isa = PBXContainerItemProxy;
			containerPortal = 899D48DD2D7CF5E800F867E6 /* Project object */;
			proxyType = 1;
			remoteGlobalIDString = 899D48E42D7CF5E800F867E6;
			remoteInfo = SwiftUIBase;
		};
		899D49002D7CF5EA00F867E6 /* PBXContainerItemProxy */ = {
			isa = PBXContainerItemProxy;
			containerPortal = 899D48DD2D7CF5E800F867E6 /* Project object */;
			proxyType = 1;
			remoteGlobalIDString = 899D48E42D7CF5E800F867E6;
			remoteInfo = SwiftUIBase;
		};
/* End PBXContainerItemProxy section */

/* Begin PBXFileReference section */
		899D48E52D7CF5E800F867E6 /* SwiftUIBase.app */ = {isa = PBXFileReference; explicitFileType = wrapper.application; includeInIndex = 0; path = SwiftUIBase.app; sourceTree = BUILT_PRODUCTS_DIR; };
		899D48F52D7CF5EA00F867E6 /* SwiftUIBaseTests.xctest */ = {isa = PBXFileReference; explicitFileType = wrapper.cfbundle; includeInIndex = 0; path = SwiftUIBaseTests.xctest; sourceTree = BUILT_PRODUCTS_DIR; };
		899D48FF2D7CF5EA00F867E6 /* SwiftUIBaseUITests.xctest */ = {isa = PBXFileReference; explicitFileType = wrapper.cfbundle; includeInIndex = 0; path = SwiftUIBaseUITests.xctest; sourceTree = BUILT_PRODUCTS_DIR; };
/* End PBXFileReference section */

/* Begin PBXFileSystemSynchronizedRootGroup section */
		899D48E72D7CF5E800F867E6 /* SwiftUIBase */ = {
			isa = PBXFileSystemSynchronizedRootGroup;
			path = SwiftUIBase;
			sourceTree = "<group>";
		};
		899D48F82D7CF5EA00F867E6 /* SwiftUIBaseTests */ = {
			isa = PBXFileSystemSynchronizedRootGroup;
			path = SwiftUIBaseTests;
			sourceTree = "<group>";
		};
		899D49022D7CF5EA00F867E6 /* SwiftUIBaseUITests */ = {
			isa = PBXFileSystemSynchronizedRootGroup;
			path = SwiftUIBaseUITests;
			sourceTree = "<group>";
		};
/* End PBXFileSystemSynchronizedRootGroup section */

/* Begin PBXFrameworksBuildPhase section */
		899D48E22D7CF5E800F867E6 /* Frameworks */ = {
			isa = PBXFrameworksBuildPhase;
			buildActionMask = 2147483647;
			files = (
			);
			runOnlyForDeploymentPostprocessing = 0;
		};
		899D48F22D7CF5EA00F867E6 /* Frameworks */ = {
			isa = PBXFrameworksBuildPhase;
			buildActionMask = 2147483647;
			files = (
			);
			runOnlyForDeploymentPostprocessing = 0;
		};
		899D48FC2D7CF5EA00F867E6 /* Frameworks */ = {
			isa = PBXFrameworksBuildPhase;
			buildActionMask = 2147483647;
			files = (
			);
			runOnlyForDeploymentPostprocessing = 0;
		};
/* End PBXFrameworksBuildPhase section */

/* Begin PBXGroup section */
		899D48DC2D7CF5E800F867E6 = {
			isa = PBXGroup;
			children = (
				899D48E72D7CF5E800F867E6 /* SwiftUIBase */,
				899D48F82D7CF5EA00F867E6 /* SwiftUIBaseTests */,
				899D49022D7CF5EA00F867E6 /* SwiftUIBaseUITests */,
				899D48E62D7CF5E800F867E6 /* Products */,
			);
			sourceTree = "<group>";
		};
		899D48E62D7CF5E800F867E6 /* Products */ = {
			isa = PBXGroup;
			children = (
				899D48E52D7CF5E800F867E6 /* SwiftUIBase.app */,
				899D48F52D7CF5EA00F867E6 /* SwiftUIBaseTests.xctest */,
				899D48FF2D7CF5EA00F867E6 /* SwiftUIBaseUITests.xctest */,
			);
			name = Products;
			sourceTree = "<group>";
		};
/* End PBXGroup section */

/* Begin PBXNativeTarget section */
		899D48E42D7CF5E800F867E6 /* SwiftUIBase */ = {
			isa = PBXNativeTarget;
			buildConfigurationList = 899D49092D7CF5EA00F867E6 /* Build configuration list for PBXNativeTarget "SwiftUIBase" */;
			buildPhases = (
				899D48E12D7CF5E800F867E6 /* Sources */,
				899D48E22D7CF5E800F867E6 /* Frameworks */,
				899D48E32D7CF5E800F867E6 /* Resources */,
			);
			buildRules = (
			);
			dependencies = (
			);
			fileSystemSynchronizedGroups = (
				899D48E72D7CF5E800F867E6 /* SwiftUIBase */,
			);
			name = SwiftUIBase;
			packageProductDependencies = (
			);
			productName = SwiftUIBase;
			productReference = 899D48E52D7CF5E800F867E6 /* SwiftUIBase.app */;
			productType = "com.apple.product-type.application";
		};
		899D48F42D7CF5EA00F867E6 /* SwiftUIBaseTests */ = {
			isa = PBXNativeTarget;
			buildConfigurationList = 899D490C2D7CF5EA00F867E6 /* Build configuration list for PBXNativeTarget "SwiftUIBaseTests" */;
			buildPhases = (
				899D48F12D7CF5EA00F867E6 /* Sources */,
				899D48F22D7CF5EA00F867E6 /* Frameworks */,
				899D48F32D7CF5EA00F867E6 /* Resources */,
			);
			buildRules = (
			);
			dependencies = (
				899D48F72D7CF5EA00F867E6 /* PBXTargetDependency */,
			);
			fileSystemSynchronizedGroups = (
				899D48F82D7CF5EA00F867E6 /* SwiftUIBaseTests */,
			);
			name = SwiftUIBaseTests;
			packageProductDependencies = (
			);
			productName = SwiftUIBaseTests;
			productReference = 899D48F52D7CF5EA00F867E6 /* SwiftUIBaseTests.xctest */;
			productType = "com.apple.product-type.bundle.unit-test";
		};
		899D48FE2D7CF5EA00F867E6 /* SwiftUIBaseUITests */ = {
			isa = PBXNativeTarget;
			buildConfigurationList = 899D490F2D7CF5EA00F867E6 /* Build configuration list for PBXNativeTarget "SwiftUIBaseUITests" */;
			buildPhases = (
				899D48FB2D7CF5EA00F867E6 /* Sources */,
				899D48FC2D7CF5EA00F867E6 /* Frameworks */,
				899D48FD2D7CF5EA00F867E6 /* Resources */,
			);
			buildRules = (
			);
			dependencies = (
				899D49012D7CF5EA00F867E6 /* PBXTargetDependency */,
			);
			fileSystemSynchronizedGroups = (
				899D49022D7CF5EA00F867E6 /* SwiftUIBaseUITests */,
			);
			name = SwiftUIBaseUITests;
			packageProductDependencies = (
			);
			productName = SwiftUIBaseUITests;
			productReference = 899D48FF2D7CF5EA00F867E6 /* SwiftUIBaseUITests.xctest */;
			productType = "com.apple.product-type.bundle.ui-testing";
		};
/* End PBXNativeTarget section */

/* Begin PBXProject section */
		899D48DD2D7CF5E800F867E6 /* Project object */ = {
			isa = PBXProject;
			attributes = {
				BuildIndependentTargetsInParallel = 1;
				LastSwiftUpdateCheck = 1600;
				LastUpgradeCheck = 1600;
				TargetAttributes = {
					899D48E42D7CF5E800F867E6 = {
						CreatedOnToolsVersion = 16.0;
					};
					899D48F42D7CF5EA00F867E6 = {
						CreatedOnToolsVersion = 16.0;
						TestTargetID = 899D48E42D7CF5E800F867E6;
					};
					899D48FE2D7CF5EA00F867E6 = {
						CreatedOnToolsVersion = 16.0;
						TestTargetID = 899D48E42D7CF5E800F867E6;
					};
				};
			};
			buildConfigurationList = 899D48E02D7CF5E800F867E6 /* Build configuration list for PBXProject "SwiftUIBase" */;
			developmentRegion = en;
			hasScannedForEncodings = 0;
			knownRegions = (
				en,
				Base,
			);
			mainGroup = 899D48DC2D7CF5E800F867E6;
			minimizedProjectReferenceProxies = 1;
			preferredProjectObjectVersion = 77;
			productRefGroup = 899D48E62D7CF5E800F867E6 /* Products */;
			projectDirPath = "";
			projectRoot = "";
			targets = (
				899D48E42D7CF5E800F867E6 /* SwiftUIBase */,
				899D48F42D7CF5EA00F867E6 /* SwiftUIBaseTests */,
				899D48FE2D7CF5EA00F867E6 /* SwiftUIBaseUITests */,
			);
		};
/* End PBXProject section */

/* Begin PBXResourcesBuildPhase section */
		899D48E32D7CF5E800F867E6 /* Resources */ = {
			isa = PBXResourcesBuildPhase;
			buildActionMask = 2147483647;
			files = (
			);
			runOnlyForDeploymentPostprocessing = 0;
		};
		899D48F32D7CF5EA00F867E6 /* Resources */ = {
			isa = PBXResourcesBuildPhase;
			buildActionMask = 2147483647;
			files = (
			);
			runOnlyForDeploymentPostprocessing = 0;
		};
		899D48FD2D7CF5EA00F867E6 /* Resources */ = {
			isa = PBXResourcesBuildPhase;
			buildActionMask = 2147483647;
			files = (
			);
			runOnlyForDeploymentPostprocessing = 0;
		};
/* End PBXResourcesBuildPhase section */

/* Begin PBXSourcesBuildPhase section */
		899D48E12D7CF5E800F867E6 /* Sources */ = {
			isa = PBXSourcesBuildPhase;
			buildActionMask = 2147483647;
			files = (
			);
			runOnlyForDeploymentPostprocessing = 0;
		};
		899D48F12D7CF5EA00F867E6 /* Sources */ = {
			isa = PBXSourcesBuildPhase;
			buildActionMask = 2147483647;
			files = (
			);
			runOnlyForDeploymentPostprocessing = 0;
		};
		899D48FB2D7CF5EA00F867E6 /* Sources */ = {
			isa = PBXSourcesBuildPhase;
			buildActionMask = 2147483647;
			files = (
			);
			runOnlyForDeploymentPostprocessing = 0;
		};
/* End PBXSourcesBuildPhase section */

/* Begin PBXTargetDependency section */
		899D48F72D7CF5EA00F867E6 /* PBXTargetDependency */ = {
			isa = PBXTargetDependency;
			target = 899D48E42D7CF5E800F867E6 /* SwiftUIBase */;
			targetProxy = 899D48F62D7CF5EA00F867E6 /* PBXContainerItemProxy */;
		};
		899D49012D7CF5EA00F867E6 /* PBXTargetDependency */ = {
			isa = PBXTargetDependency;
			target = 899D48E42D7CF5E800F867E6 /* SwiftUIBase */;
			targetProxy = 899D49002D7CF5EA00F867E6 /* PBXContainerItemProxy */;
		};
/* End PBXTargetDependency section */

/* Begin XCBuildConfiguration section */
		899D49072D7CF5EA00F867E6 /* Debug */ = {
			isa = XCBuildConfiguration;
			buildSettings = {
				ALWAYS_SEARCH_USER_PATHS = NO;
				ASSETCATALOG_COMPILER_GENERATE_SWIFT_ASSET_SYMBOL_EXTENSIONS = YES;
				CLANG_ANALYZER_NONNULL = YES;
				CLANG_ANALYZER_NUMBER_OBJECT_CONVERSION = YES_AGGRESSIVE;
				CLANG_CXX_LANGUAGE_STANDARD = "gnu++20";
				CLANG_ENABLE_MODULES = YES;
				CLANG_ENABLE_OBJC_ARC = YES;
				CLANG_ENABLE_OBJC_WEAK = YES;
				CLANG_WARN_BLOCK_CAPTURE_AUTORELEASING = YES;
				CLANG_WARN_BOOL_CONVERSION = YES;
				CLANG_WARN_COMMA = YES;
				CLANG_WARN_CONSTANT_CONVERSION = YES;
				CLANG_WARN_DEPRECATED_OBJC_IMPLEMENTATIONS = YES;
				CLANG_WARN_DIRECT_OBJC_ISA_USAGE = YES_ERROR;
				CLANG_WARN_DOCUMENTATION_COMMENTS = YES;
				CLANG_WARN_EMPTY_BODY = YES;
				CLANG_WARN_ENUM_CONVERSION = YES;
				CLANG_WARN_INFINITE_RECURSION = YES;
				CLANG_WARN_INT_CONVERSION = YES;
				CLANG_WARN_NON_LITERAL_NULL_CONVERSION = YES;
				CLANG_WARN_OBJC_IMPLICIT_RETAIN_SELF = YES;
				CLANG_WARN_OBJC_LITERAL_CONVERSION = YES;
				CLANG_WARN_OBJC_ROOT_CLASS = YES_ERROR;
				CLANG_WARN_QUOTED_INCLUDE_IN_FRAMEWORK_HEADER = YES;
				CLANG_WARN_RANGE_LOOP_ANALYSIS = YES;
				CLANG_WARN_STRICT_PROTOTYPES = YES;
				CLANG_WARN_SUSPICIOUS_MOVE = YES;
				CLANG_WARN_UNGUARDED_AVAILABILITY = YES_AGGRESSIVE;
				CLANG_WARN_UNREACHABLE_CODE = YES;
				CLANG_WARN__DUPLICATE_METHOD_MATCH = YES;
				COPY_PHASE_STRIP = NO;
				DEBUG_INFORMATION_FORMAT = dwarf;
				ENABLE_STRICT_OBJC_MSGSEND = YES;
				ENABLE_TESTABILITY = YES;
				ENABLE_USER_SCRIPT_SANDBOXING = YES;
				GCC_C_LANGUAGE_STANDARD = gnu17;
				GCC_DYNAMIC_NO_PIC = NO;
				GCC_NO_COMMON_BLOCKS = YES;
				GCC_OPTIMIZATION_LEVEL = 0;
				GCC_PREPROCESSOR_DEFINITIONS = (
					"DEBUG=1",
					"$(inherited)",
				);
				GCC_WARN_64_TO_32_BIT_CONVERSION = YES;
				GCC_WARN_ABOUT_RETURN_TYPE = YES_ERROR;
				GCC_WARN_UNDECLARED_SELECTOR = YES;
				GCC_WARN_UNINITIALIZED_AUTOS = YES_AGGRESSIVE;
				GCC_WARN_UNUSED_FUNCTION = YES;
				GCC_WARN_UNUSED_VARIABLE = YES;
				IPHONEOS_DEPLOYMENT_TARGET = 18.0;
				LOCALIZATION_PREFERS_STRING_CATALOGS = YES;
				MTL_ENABLE_DEBUG_INFO = INCLUDE_SOURCE;
				MTL_FAST_MATH = YES;
				ONLY_ACTIVE_ARCH = YES;
				SDKROOT = iphoneos;
				SWIFT_ACTIVE_COMPILATION_CONDITIONS = "DEBUG $(inherited)";
				SWIFT_OPTIMIZATION_LEVEL = "-Onone";
			};
			name = Debug;
		};
		899D49082D7CF5EA00F867E6 /* Release */ = {
			isa = XCBuildConfiguration;
			buildSettings = {
				ALWAYS_SEARCH_USER_PATHS = NO;
				ASSETCATALOG_COMPILER_GENERATE_SWIFT_ASSET_SYMBOL_EXTENSIONS = YES;
				CLANG_ANALYZER_NONNULL = YES;
				CLANG_ANALYZER_NUMBER_OBJECT_CONVERSION = YES_AGGRESSIVE;
				CLANG_CXX_LANGUAGE_STANDARD = "gnu++20";
				CLANG_ENABLE_MODULES = YES;
				CLANG_ENABLE_OBJC_ARC = YES;
				CLANG_ENABLE_OBJC_WEAK = YES;
				CLANG_WARN_BLOCK_CAPTURE_AUTORELEASING = YES;
				CLANG_WARN_BOOL_CONVERSION = YES;
				CLANG_WARN_COMMA = YES;
				CLANG_WARN_CONSTANT_CONVERSION = YES;
				CLANG_WARN_DEPRECATED_OBJC_IMPLEMENTATIONS = YES;
				CLANG_WARN_DIRECT_OBJC_ISA_USAGE = YES_ERROR;
				CLANG_WARN_DOCUMENTATION_COMMENTS = YES;
				CLANG_WARN_EMPTY_BODY = YES;
				CLANG_WARN_ENUM_CONVERSION = YES;
				CLANG_WARN_INFINITE_RECURSION = YES;
				CLANG_WARN_INT_CONVERSION = YES;
				CLANG_WARN_NON_LITERAL_NULL_CONVERSION = YES;
				CLANG_WARN_OBJC_IMPLICIT_RETAIN_SELF = YES;
				CLANG_WARN_OBJC_LITERAL_CONVERSION = YES;
				CLANG_WARN_OBJC_ROOT_CLASS = YES_ERROR;
				CLANG_WARN_QUOTED_INCLUDE_IN_FRAMEWORK_HEADER = YES;
				CLANG_WARN_RANGE_LOOP_ANALYSIS = YES;
				CLANG_WARN_STRICT_PROTOTYPES = YES;
				CLANG_WARN_SUSPICIOUS_MOVE = YES;
				CLANG_WARN_UNGUARDED_AVAILABILITY = YES_AGGRESSIVE;
				CLANG_WARN_UNREACHABLE_CODE = YES;
				CLANG_WARN__DUPLICATE_METHOD_MATCH = YES;
				COPY_PHASE_STRIP = NO;
				DEBUG_INFORMATION_FORMAT = "dwarf-with-dsym";
				ENABLE_NS_ASSERTIONS = NO;
				ENABLE_STRICT_OBJC_MSGSEND = YES;
				ENABLE_USER_SCRIPT_SANDBOXING = YES;
				GCC_C_LANGUAGE_STANDARD = gnu17;
				GCC_NO_COMMON_BLOCKS = YES;
				GCC_WARN_64_TO_32_BIT_CONVERSION = YES;
				GCC_WARN_ABOUT_RETURN_TYPE = YES_ERROR;
				GCC_WARN_UNDECLARED_SELECTOR = YES;
				GCC_WARN_UNINITIALIZED_AUTOS = YES_AGGRESSIVE;
				GCC_WARN_UNUSED_FUNCTION = YES;
				GCC_WARN_UNUSED_VARIABLE = YES;
				IPHONEOS_DEPLOYMENT_TARGET = 18.0;
				LOCALIZATION_PREFERS_STRING_CATALOGS = YES;
				MTL_ENABLE_DEBUG_INFO = NO;
				MTL_FAST_MATH = YES;
				SDKROOT = iphoneos;
				SWIFT_COMPILATION_MODE = wholemodule;
				VALIDATE_PRODUCT = YES;
			};
			name = Release;
		};
		899D490A2D7CF5EA00F867E6 /* Debug */ = {
			isa = XCBuildConfiguration;
			buildSettings = {
				ASSETCATALOG_COMPILER_APPICON_NAME = AppIcon;
				ASSETCATALOG_COMPILER_GLOBAL_ACCENT_COLOR_NAME = AccentColor;
				CODE_SIGN_STYLE = Automatic;
				CURRENT_PROJECT_VERSION = 1;
				DEVELOPMENT_ASSET_PATHS = "\"SwiftUIBase/Preview Content\"";
				ENABLE_PREVIEWS = YES;
				GENERATE_INFOPLIST_FILE = YES;
				INFOPLIST_KEY_UIApplicationSceneManifest_Generation = YES;
				INFOPLIST_KEY_UIApplicationSupportsIndirectInputEvents = YES;
				INFOPLIST_KEY_UILaunchScreen_Generation = YES;
				INFOPLIST_KEY_UISupportedInterfaceOrientations_iPad = "UIInterfaceOrientationPortrait UIInterfaceOrientationPortraitUpsideDown UIInterfaceOrientationLandscapeLeft UIInterfaceOrientationLandscapeRight";
				INFOPLIST_KEY_UISupportedInterfaceOrientations_iPhone = "UIInterfaceOrientationPortrait UIInterfaceOrientationLandscapeLeft UIInterfaceOrientationLandscapeRight";
				LD_RUNPATH_SEARCH_PATHS = (
					"$(inherited)",
					"@executable_path/Frameworks",
				);
				MARKETING_VERSION = 1.0;
				PRODUCT_BUNDLE_IDENTIFIER = com.exorcyze.SwiftUIBase;
				PRODUCT_NAME = "$(TARGET_NAME)";
				SWIFT_EMIT_LOC_STRINGS = YES;
				SWIFT_VERSION = 5.0;
				TARGETED_DEVICE_FAMILY = "1,2";
			};
			name = Debug;
		};
		899D490B2D7CF5EA00F867E6 /* Release */ = {
			isa = XCBuildConfiguration;
			buildSettings = {
				ASSETCATALOG_COMPILER_APPICON_NAME = AppIcon;
				ASSETCATALOG_COMPILER_GLOBAL_ACCENT_COLOR_NAME = AccentColor;
				CODE_SIGN_STYLE = Automatic;
				CURRENT_PROJECT_VERSION = 1;
				DEVELOPMENT_ASSET_PATHS = "\"SwiftUIBase/Preview Content\"";
				ENABLE_PREVIEWS = YES;
				GENERATE_INFOPLIST_FILE = YES;
				INFOPLIST_KEY_UIApplicationSceneManifest_Generation = YES;
				INFOPLIST_KEY_UIApplicationSupportsIndirectInputEvents = YES;
				INFOPLIST_KEY_UILaunchScreen_Generation = YES;
				INFOPLIST_KEY_UISupportedInterfaceOrientations_iPad = "UIInterfaceOrientationPortrait UIInterfaceOrientationPortraitUpsideDown UIInterfaceOrientationLandscapeLeft UIInterfaceOrientationLandscapeRight";
				INFOPLIST_KEY_UISupportedInterfaceOrientations_iPhone = "UIInterfaceOrientationPortrait UIInterfaceOrientationLandscapeLeft UIInterfaceOrientationLandscapeRight";
				LD_RUNPATH_SEARCH_PATHS = (
					"$(inherited)",
					"@executable_path/Frameworks",
				);
				MARKETING_VERSION = 1.0;
				PRODUCT_BUNDLE_IDENTIFIER = com.exorcyze.SwiftUIBase;
				PRODUCT_NAME = "$(TARGET_NAME)";
				SWIFT_EMIT_LOC_STRINGS = YES;
				SWIFT_VERSION = 5.0;
				TARGETED_DEVICE_FAMILY = "1,2";
			};
			name = Release;
		};
		899D490D2D7CF5EA00F867E6 /* Debug */ = {
			isa = XCBuildConfiguration;
			buildSettings = {
				BUNDLE_LOADER = "$(TEST_HOST)";
				CODE_SIGN_STYLE = Automatic;
				CURRENT_PROJECT_VERSION = 1;
				GENERATE_INFOPLIST_FILE = YES;
				IPHONEOS_DEPLOYMENT_TARGET = 18.0;
				MARKETING_VERSION = 1.0;
				PRODUCT_BUNDLE_IDENTIFIER = com.exorcyze.SwiftUIBaseTests;
				PRODUCT_NAME = "$(TARGET_NAME)";
				SWIFT_EMIT_LOC_STRINGS = NO;
				SWIFT_VERSION = 5.0;
				TARGETED_DEVICE_FAMILY = "1,2";
				TEST_HOST = "$(BUILT_PRODUCTS_DIR)/SwiftUIBase.app/$(BUNDLE_EXECUTABLE_FOLDER_PATH)/SwiftUIBase";
			};
			name = Debug;
		};
		899D490E2D7CF5EA00F867E6 /* Release */ = {
			isa = XCBuildConfiguration;
			buildSettings = {
				BUNDLE_LOADER = "$(TEST_HOST)";
				CODE_SIGN_STYLE = Automatic;
				CURRENT_PROJECT_VERSION = 1;
				GENERATE_INFOPLIST_FILE = YES;
				IPHONEOS_DEPLOYMENT_TARGET = 18.0;
				MARKETING_VERSION = 1.0;
				PRODUCT_BUNDLE_IDENTIFIER = com.exorcyze.SwiftUIBaseTests;
				PRODUCT_NAME = "$(TARGET_NAME)";
				SWIFT_EMIT_LOC_STRINGS = NO;
				SWIFT_VERSION = 5.0;
				TARGETED_DEVICE_FAMILY = "1,2";
				TEST_HOST = "$(BUILT_PRODUCTS_DIR)/SwiftUIBase.app/$(BUNDLE_EXECUTABLE_FOLDER_PATH)/SwiftUIBase";
			};
			name = Release;
		};
		899D49102D7CF5EA00F867E6 /* Debug */ = {
			isa = XCBuildConfiguration;
			buildSettings = {
				CODE_SIGN_STYLE = Automatic;
				CURRENT_PROJECT_VERSION = 1;
				GENERATE_INFOPLIST_FILE = YES;
				MARKETING_VERSION = 1.0;
				PRODUCT_BUNDLE_IDENTIFIER = com.exorcyze.SwiftUIBaseUITests;
				PRODUCT_NAME = "$(TARGET_NAME)";
				SWIFT_EMIT_LOC_STRINGS = NO;
				SWIFT_VERSION = 5.0;
				TARGETED_DEVICE_FAMILY = "1,2";
				TEST_TARGET_NAME = SwiftUIBase;
			};
			name = Debug;
		};
		899D49112D7CF5EA00F867E6 /* Release */ = {
			isa = XCBuildConfiguration;
			buildSettings = {
				CODE_SIGN_STYLE = Automatic;
				CURRENT_PROJECT_VERSION = 1;
				GENERATE_INFOPLIST_FILE = YES;
				MARKETING_VERSION = 1.0;
				PRODUCT_BUNDLE_IDENTIFIER = com.exorcyze.SwiftUIBaseUITests;
				PRODUCT_NAME = "$(TARGET_NAME)";
				SWIFT_EMIT_LOC_STRINGS = NO;
				SWIFT_VERSION = 5.0;
				TARGETED_DEVICE_FAMILY = "1,2";
				TEST_TARGET_NAME = SwiftUIBase;
			};
			name = Release;
		};
/* End XCBuildConfiguration section */

/* Begin XCConfigurationList section */
		899D48E02D7CF5E800F867E6 /* Build configuration list for PBXProject "SwiftUIBase" */ = {
			isa = XCConfigurationList;
			buildConfigurations = (
				899D49072D7CF5EA00F867E6 /* Debug */,
				899D49082D7CF5EA00F867E6 /* Release */,
			);
			defaultConfigurationIsVisible = 0;
			defaultConfigurationName = Release;
		};
		899D49092D7CF5EA00F867E6 /* Build configuration list for PBXNativeTarget "SwiftUIBase" */ = {
			isa = XCConfigurationList;
			buildConfigurations = (
				899D490A2D7CF5EA00F867E6 /* Debug */,
				899D490B2D7CF5EA00F867E6 /* Release */,
			);
			defaultConfigurationIsVisible = 0;
			defaultConfigurationName = Release;
		};
		899D490C2D7CF5EA00F867E6 /* Build configuration list for PBXNativeTarget "SwiftUIBaseTests" */ = {
			isa = XCConfigurationList;
			buildConfigurations = (
				899D490D2D7CF5EA00F867E6 /* Debug */,
				899D490E2D7CF5EA00F867E6 /* Release */,
			);
			defaultConfigurationIsVisible = 0;
			defaultConfigurationName = Release;
		};
		899D490F2D7CF5EA00F867E6 /* Build configuration list for PBXNativeTarget "SwiftUIBaseUITests" */ = {
			isa = XCConfigurationList;
			buildConfigurations = (
				899D49102D7CF5EA00F867E6 /* Debug */,
				899D49112D7CF5EA00F867E6 /* Release */,
			);
			defaultConfigurationIsVisible = 0;
			defaultConfigurationName = Release;
		};
/* End XCConfigurationList section */
	};
	rootObject = 899D48DD2D7CF5E800F867E6 /* Project object */;
}
